
Microsoft Visual Studio Solution File, Format Version 12.00
Project("{FAE04EC0-301F-11D3-BF4B-00C04F79EFBC}") = "Qoollo.Redis.Net", "Qoollo.Redis.Net\Qoollo.Redis.Net.csproj", "{DCE49467-02BA-4E7D-A151-DFDB070F6257}"
EndProject
Global
	GlobalSection(SolutionConfigurationPlatforms) = preSolution
		Debug|Any CPU = Debug|Any CPU
		Release|Any CPU = Release|Any CPU
	EndGlobalSection
	GlobalSection(ProjectConfigurationPlatforms) = postSolution
		{DCE49467-02BA-4E7D-A151-DFDB070F6257}.Debug|Any CPU.ActiveCfg = Debug|Any CPU
		{DCE49467-02BA-4E7D-A151-DFDB070F6257}.Debug|Any CPU.Build.0 = Debug|Any CPU
		{DCE49467-02BA-4E7D-A151-DFDB070F6257}.Release|Any CPU.ActiveCfg = Release|Any CPU
		{DCE49467-02BA-4E7D-A151-DFDB070F6257}.Release|Any CPU.Build.0 = Release|Any CPU
	EndGlobalSection
EndGlobal
